
Microsoft Visual Studio Solution File, Format Version 12.00
# Visual Studio Version 16
VisualStudioVersion = 25.0.1704.0
MinimumVisualStudioVersion = 10.0.40219.1
Project("{FAE04EC0-301F-11D3-BF4B-00C04F79EFBC}") = "iSearch", "iSearch\iSearch.csproj", "{B2C1C83B-33A3-461F-A7F7-7C52AA75FFCC}"
EndProject
Global
	GlobalSection(SolutionConfigurationPlatforms) = preSolution
		Debug|Any CPU = Debug|Any CPU
		Release|Any CPU = Release|Any CPU
	EndGlobalSection
	GlobalSection(ProjectConfigurationPlatforms) = postSolution
		{B2C1C83B-33A3-461F-A7F7-7C52AA75FFCC}.Debug|Any CPU.ActiveCfg = Debug|Any CPU
		{B2C1C83B-33A3-461F-A7F7-7C52AA75FFCC}.Debug|Any CPU.Build.0 = Debug|Any CPU
		{B2C1C83B-33A3-461F-A7F7-7C52AA75FFCC}.Release|Any CPU.ActiveCfg = Release|Any CPU
		{B2C1C83B-33A3-461F-A7F7-7C52AA75FFCC}.Release|Any CPU.Build.0 = Release|Any CPU
	EndGlobalSection
	GlobalSection(SolutionProperties) = preSolution
		HideSolutionNode = FALSE
	EndGlobalSection
	GlobalSection(ExtensibilityGlobals) = postSolution
		SolutionGuid = {A50FE76B-BC28-43AB-8053-9BFB469EA4C5}
	EndGlobalSection
EndGlobal
